
Microsoft Visual Studio Solution File, Format Version 12.00
# Visual Studio 15
VisualStudioVersion = 15.0.28307.136
MinimumVisualStudioVersion = 10.0.40219.1
Project("{8BC9CEB8-8B4A-11D0-8D11-00A0C91BC942}") = "Viewer", "Viewer\Viewer.vcxproj", "{56787CB1-2B8A-49DC-944E-E9836B945B19}"
	ProjectSection(ProjectDependencies) = postProject
		{447FE466-1DE5-45AF-9790-FF1126C98158} = {447FE466-1DE5-45AF-9790-FF1126C98158}
		{1D9B4E6C-1344-42CB-A584-B6737548429A} = {1D9B4E6C-1344-42CB-A584-B6737548429A}
		{0D6E358A-B5B4-4FA4-B7F6-190245105F32} = {0D6E358A-B5B4-4FA4-B7F6-190245105F32}
	EndProjectSection
EndProject
Project("{8BC9CEB8-8B4A-11D0-8D11-00A0C91BC942}") = "BIM", "BIM\BIM.vcxproj", "{0D6E358A-B5B4-4FA4-B7F6-190245105F32}"
EndProject
Project("{8BC9CEB8-8B4A-11D0-8D11-00A0C91BC942}") = "HTM", "HTM\HTM.vcxproj", "{447FE466-1DE5-45AF-9790-FF1126C98158}"
	ProjectSection(ProjectDependencies) = postProject
		{0D6E358A-B5B4-4FA4-B7F6-190245105F32} = {0D6E358A-B5B4-4FA4-B7F6-190245105F32}
	EndProjectSection
EndProject
Project("{8BC9CEB8-8B4A-11D0-8D11-00A0C91BC942}") = "VR", "VR\VR.vcxproj", "{1D9B4E6C-1344-42CB-A584-B6737548429A}"
	ProjectSection(ProjectDependencies) = postProject
		{447FE466-1DE5-45AF-9790-FF1126C98158} = {447FE466-1DE5-45AF-9790-FF1126C98158}
	EndProjectSection
EndProject
Global
	GlobalSection(SolutionConfigurationPlatforms) = preSolution
		Debug|x64 = Debug|x64
		Debug|x86 = Debug|x86
		Release|x64 = Release|x64
		Release|x86 = Release|x86
	EndGlobalSection
	GlobalSection(ProjectConfigurationPlatforms) = postSolution
		{56787CB1-2B8A-49DC-944E-E9836B945B19}.Debug|x64.ActiveCfg = Debug|x64
		{56787CB1-2B8A-49DC-944E-E9836B945B19}.Debug|x64.Build.0 = Debug|x64
		{56787CB1-2B8A-49DC-944E-E9836B945B19}.Debug|x86.ActiveCfg = Debug|Win32
		{56787CB1-2B8A-49DC-944E-E9836B945B19}.Debug|x86.Build.0 = Debug|Win32
		{56787CB1-2B8A-49DC-944E-E9836B945B19}.Release|x64.ActiveCfg = Release|x64
		{56787CB1-2B8A-49DC-944E-E9836B945B19}.Release|x64.Build.0 = Release|x64
		{56787CB1-2B8A-49DC-944E-E9836B945B19}.Release|x86.ActiveCfg = Release|Win32
		{56787CB1-2B8A-49DC-944E-E9836B945B19}.Release|x86.Build.0 = Release|Win32
		{0D6E358A-B5B4-4FA4-B7F6-190245105F32}.Debug|x64.ActiveCfg = Debug|x64
		{0D6E358A-B5B4-4FA4-B7F6-190245105F32}.Debug|x64.Build.0 = Debug|x64
		{0D6E358A-B5B4-4FA4-B7F6-190245105F32}.Debug|x86.ActiveCfg = Debug|Win32
		{0D6E358A-B5B4-4FA4-B7F6-190245105F32}.Debug|x86.Build.0 = Debug|Win32
		{0D6E358A-B5B4-4FA4-B7F6-190245105F32}.Release|x64.ActiveCfg = Release|x64
		{0D6E358A-B5B4-4FA4-B7F6-190245105F32}.Release|x64.Build.0 = Release|x64
		{0D6E358A-B5B4-4FA4-B7F6-190245105F32}.Release|x86.ActiveCfg = Release|Win32
		{0D6E358A-B5B4-4FA4-B7F6-190245105F32}.Release|x86.Build.0 = Release|Win32
		{447FE466-1DE5-45AF-9790-FF1126C98158}.Debug|x64.ActiveCfg = Debug|x64
		{447FE466-1DE5-45AF-9790-FF1126C98158}.Debug|x64.Build.0 = Debug|x64
		{447FE466-1DE5-45AF-9790-FF1126C98158}.Debug|x86.ActiveCfg = Debug|Win32
		{447FE466-1DE5-45AF-9790-FF1126C98158}.Debug|x86.Build.0 = Debug|Win32
		{447FE466-1DE5-45AF-9790-FF1126C98158}.Release|x64.ActiveCfg = Release|x64
		{447FE466-1DE5-45AF-9790-FF1126C98158}.Release|x64.Build.0 = Release|x64
		{447FE466-1DE5-45AF-9790-FF1126C98158}.Release|x86.ActiveCfg = Release|Win32
		{447FE466-1DE5-45AF-9790-FF1126C98158}.Release|x86.Build.0 = Release|Win32
		{1D9B4E6C-1344-42CB-A584-B6737548429A}.Debug|x64.ActiveCfg = Debug|x64
		{1D9B4E6C-1344-42CB-A584-B6737548429A}.Debug|x64.Build.0 = Debug|x64
		{1D9B4E6C-1344-42CB-A584-B6737548429A}.Debug|x86.ActiveCfg = Debug|Win32
		{1D9B4E6C-1344-42CB-A584-B6737548429A}.Debug|x86.Build.0 = Debug|Win32
		{1D9B4E6C-1344-42CB-A584-B6737548429A}.Release|x64.ActiveCfg = Release|x64
		{1D9B4E6C-1344-42CB-A584-B6737548429A}.Release|x64.Build.0 = Release|x64
		{1D9B4E6C-1344-42CB-A584-B6737548429A}.Release|x86.ActiveCfg = Release|Win32
		{1D9B4E6C-1344-42CB-A584-B6737548429A}.Release|x86.Build.0 = Release|Win32
	EndGlobalSection
	GlobalSection(SolutionProperties) = preSolution
		HideSolutionNode = FALSE
	EndGlobalSection
	GlobalSection(ExtensibilityGlobals) = postSolution
		SolutionGuid = {0500A26E-A436-4A6C-B4A7-F2301C93EA7F}
	EndGlobalSection
EndGlobal
